{
  "name": "QRweb",
  "lockfileVersion": 3,
  "requires": true,
  "packages": {
    "": {
      "dependencies": {
        "number-to-arabic-words": "^1.5.3"
      }
    },
    "node_modules/number-to-arabic-words": {
      "version": "1.5.3",
      "resolved": "https://registry.npmjs.org/number-to-arabic-words/-/number-to-arabic-words-1.5.3.tgz",
      "integrity": "sha512-b3XZvIYceEesATI8pSX9/W7h/26mH1nCyeR0rwlLbzsQBP8cYWFjLKYQ/nNeDlsxImeTJtHNaPwhI/zaBfsQjg=="
    }
  }
}
